{
  "version": 4,
  "terraform_version": "1.0.6",
  "serial": 315,
  "lineage": "20253948-e6f9-641b-4b65-46d4c4323bf1",
  "outputs": {},
  "resources": [
    {
      "mode": "managed",
      "type": "aws_vpc",
      "name": "vpc",
      "provider": "provider[\"registry.terraform.io/hashicorp/aws\"]",
      "instances": [
        {
          "schema_version": 1,
          "attributes": {
            "arn": "arn:aws:ec2:ap-northeast-1:296066267476:vpc/vpc-0085730c961412809",
            "assign_generated_ipv6_cidr_block": false,
            "cidr_block": "10.1.0.0/16",
            "default_network_acl_id": "acl-0154b8ae2a7111838",
            "default_route_table_id": "rtb-0c49a64bf12e390ca",
            "default_security_group_id": "sg-07eb0f615e5c21d5e",
            "dhcp_options_id": "dopt-053c0fa1f2f5deb1b",
            "enable_classiclink": false,
            "enable_classiclink_dns_support": false,
            "enable_dns_hostnames": false,
            "enable_dns_support": true,
            "id": "vpc-0085730c961412809",
            "instance_tenancy": "default",
            "ipv6_association_id": "",
            "ipv6_cidr_block": "",
            "main_route_table_id": "rtb-0c49a64bf12e390ca",
            "owner_id": "296066267476",
            "tags": {
              "Name": "sample-hito-vpc"
            },
            "tags_all": {
              "Name": "sample-hito-vpc"
            }
          },
          "sensitive_attributes": [],
          "private": "eyJzY2hlbWFfdmVyc2lvbiI6IjEifQ=="
        }
      ]
    }
  ]
}
